<?xml version="1.0" encoding="utf-8"?>
<Project ToolsVersion="4.0" xmlns="http://schemas.microsoft.com/developer/msbuild/2003">
  <ItemGroup>
    <Filter Include="소스 파일">
      <UniqueIdentifier>{4FC737F1-C7A5-4376-A066-2A32D752A2FF}</UniqueIdentifier>
      <Extensions>cpp;c;cc;cxx;c++;cppm;ixx;def;odl;idl;hpj;bat;asm;asmx</Extensions>
    </Filter>
    <Filter Include="헤더 파일">
      <UniqueIdentifier>{93995380-89BD-4b04-88EB-625FBE52EBFB}</UniqueIdentifier>
      <Extensions>h;hh;hpp;hxx;h++;hm;inl;inc;ipp;xsd</Extensions>
    </Filter>
    <Filter Include="리소스 파일">
      <UniqueIdentifier>{67DA6AB6-F800-4c08-8B7A-83BB121AAD01}</UniqueIdentifier>
      <Extensions>rc;ico;cur;bmp;dlg;rc2;rct;bin;rgs;gif;jpg;jpeg;jpe;resx;tiff;tif;png;wav;mfcribbon-ms</Extensions>
    </Filter>
    <Filter Include="Object">
      <UniqueIdentifier>{0d938997-fdb2-460d-a02d-416afe3a6eab}</UniqueIdentifier>
    </Filter>
    <Filter Include="Network">
      <UniqueIdentifier>{ba0ac249-ec6c-42ec-99c1-41c8d48abfb5}</UniqueIdentifier>
    </Filter>
    <Filter Include="Network\Session">
      <UniqueIdentifier>{1fe1b602-f1ed-476b-ba0c-edace247f88d}</UniqueIdentifier>
    </Filter>
    <Filter Include="Network\Protocol">
      <UniqueIdentifier>{8f1569b9-6aed-48cf-82c6-cb7f44c3b130}</UniqueIdentifier>
    </Filter>
    <Filter Include="Network\NetworkManager">
      <UniqueIdentifier>{69db58d7-23a5-4730-957a-3958555b4abf}</UniqueIdentifier>
    </Filter>
    <Filter Include="D3D12">
      <UniqueIdentifier>{cd629c79-ac06-4dd7-94fe-37495b47753e}</UniqueIdentifier>
    </Filter>
    <Filter Include="Network\PacketHandler">
      <UniqueIdentifier>{4f103850-1b48-4beb-b19d-f3143b8db5ca}</UniqueIdentifier>
    </Filter>
    <Filter Include="Scene">
      <UniqueIdentifier>{3bec70d8-a2a0-43c0-a2af-35ef1a7bb67b}</UniqueIdentifier>
    </Filter>
    <Filter Include="Object\MyPlayer">
      <UniqueIdentifier>{e06fed7c-dc95-44c6-a868-e3b3c408ece7}</UniqueIdentifier>
    </Filter>
    <Filter Include="Component">
      <UniqueIdentifier>{45504bc4-4e5b-4261-8657-a5cd235e8939}</UniqueIdentifier>
    </Filter>
    <Filter Include="Component\Collider/Physics">
      <UniqueIdentifier>{f71884ed-a63a-483e-97b8-9dc96901df53}</UniqueIdentifier>
    </Filter>
    <Filter Include="ImGUI">
      <UniqueIdentifier>{c4fec74f-ed67-4073-8d84-fd2f700bdec2}</UniqueIdentifier>
    </Filter>
    <Filter Include="Scene\TitleScene">
      <UniqueIdentifier>{bb306bdd-9e86-4399-a4e3-3be1d85fdd67}</UniqueIdentifier>
    </Filter>
    <Filter Include="ImGUI\ImGuiManager">
      <UniqueIdentifier>{f4f8e154-298a-44d7-b837-e3eed4e30591}</UniqueIdentifier>
    </Filter>
    <Filter Include="Object\User">
      <UniqueIdentifier>{9c79dc36-4810-45ed-b0fa-be35ef16547a}</UniqueIdentifier>
    </Filter>
    <Filter Include="Object\Factory">
      <UniqueIdentifier>{ca82464f-16b0-4854-841c-3d2bd01e61ea}</UniqueIdentifier>
    </Filter>
    <Filter Include="Scene\CustomScene">
      <UniqueIdentifier>{4b07fed5-088a-4c45-a77a-cdc1605c2b4b}</UniqueIdentifier>
    </Filter>
    <Filter Include="D3D12\Shaders">
      <UniqueIdentifier>{17c5f955-415f-476e-a38f-b904d0352472}</UniqueIdentifier>
    </Filter>
    <Filter Include="Component\AI">
      <UniqueIdentifier>{cc7b4d14-22ec-4f8e-b036-7bb73814975a}</UniqueIdentifier>
    </Filter>
    <Filter Include="Component\AI\State">
      <UniqueIdentifier>{f5e28317-abf2-4e97-b237-23dd07477aa4}</UniqueIdentifier>
    </Filter>
    <Filter Include="Object\Monster">
      <UniqueIdentifier>{d6bca2c2-f747-4d00-85f1-bba9b711350e}</UniqueIdentifier>
    </Filter>
    <Filter Include="Scene\GameScene">
      <UniqueIdentifier>{07a27db7-6ff8-41d7-ae71-eb3db1c0198b}</UniqueIdentifier>
    </Filter>
    <Filter Include="MapGenerator">
      <UniqueIdentifier>{71994315-a5ce-429c-bb73-7c0e44c4b1f5}</UniqueIdentifier>
    </Filter>
    <Filter Include="Component\Animation">
      <UniqueIdentifier>{ce0c701a-f574-4956-a66e-2c717ac3e726}</UniqueIdentifier>
    </Filter>
    <Filter Include="Component\Rendering">
      <UniqueIdentifier>{2c4c8485-c5af-4a91-8992-4d189db7f916}</UniqueIdentifier>
    </Filter>
    <Filter Include="Component\UI">
      <UniqueIdentifier>{44a02536-db82-46a6-b92c-131aa5b802fc}</UniqueIdentifier>
    </Filter>
    <Filter Include="Scene\UIScene">
      <UniqueIdentifier>{6f74d0b5-ef33-4689-88de-cb97ed1f11db}</UniqueIdentifier>
    </Filter>
    <Filter Include="Scene\LobbyScene">
      <UniqueIdentifier>{ed533742-19b1-4a68-bfd9-ae48ca646966}</UniqueIdentifier>
	</Filter>
	<Filter Include="Object\ItemFinder">
      <UniqueIdentifier>{73a7f2fb-07a7-474b-bac0-4683ec588d92}</UniqueIdentifier>
    </Filter>
    <Filter Include="Object\Item">
      <UniqueIdentifier>{3494fd25-a60a-4272-b2eb-ce14502ff680}</UniqueIdentifier>
    </Filter>
    <Filter Include="Object\Item\Inventory Item">
      <UniqueIdentifier>{b3d1ffcc-2de0-415d-b127-3d48262e257d}</UniqueIdentifier>
    </Filter>
    <Filter Include="Object\Item\World Item">
      <UniqueIdentifier>{8822c58a-f9ea-4f45-8606-99773d5793bd}</UniqueIdentifier>
    </Filter>
    <Filter Include="Inventory">
      <UniqueIdentifier>{29e63e26-539e-44e2-ac37-927ef5d676f6}</UniqueIdentifier>
    </Filter>
  </ItemGroup>
  <ItemGroup>
    <ClInclude Include="stdafx.h">
      <Filter>헤더 파일</Filter>
    </ClInclude>
    <ClInclude Include="targetver.h">
      <Filter>헤더 파일</Filter>
    </ClInclude>
    <ClInclude Include="Resource.h">
      <Filter>헤더 파일</Filter>
    </ClInclude>
    <ClInclude Include="Client.h">
      <Filter>헤더 파일</Filter>
    </ClInclude>
    <ClInclude Include="Camera.h">
      <Filter>Object</Filter>
    </ClInclude>
    <ClInclude Include="Player.h">
      <Filter>Object</Filter>
    </ClInclude>
    <ClInclude Include="Object.h">
      <Filter>Object</Filter>
    </ClInclude>
    <ClInclude Include="Mesh.h">
      <Filter>Object</Filter>
    </ClInclude>
    <ClInclude Include="Timer.h">
      <Filter>헤더 파일</Filter>
    </ClInclude>
    <ClInclude Include="GameFramework.h">
      <Filter>헤더 파일</Filter>
    </ClInclude>
    <ClInclude Include="NetworkManager.h">
      <Filter>Network\NetworkManager</Filter>
    </ClInclude>
    <ClInclude Include="..\External\Common\protocol.h">
      <Filter>Network\Protocol</Filter>
    </ClInclude>
    <ClInclude Include="ServerSession.h">
      <Filter>Network\Session</Filter>
    </ClInclude>
    <ClInclude Include="KeyManager.h">
      <Filter>헤더 파일</Filter>
    </ClInclude>
    <ClInclude Include="macro.h">
      <Filter>헤더 파일</Filter>
    </ClInclude>
    <ClInclude Include="ServerPacketHandler.h">
      <Filter>Network\PacketHandler</Filter>
    </ClInclude>
    <ClInclude Include="ServerPacketHandler.h">
      <Filter>Network\PacketHandler</Filter>
    </ClInclude>
    <ClInclude Include="Scene.h">
      <Filter>Scene</Filter>
    </ClInclude>
    <ClInclude Include="SceneManager.h">
      <Filter>Scene</Filter>
    </ClInclude>
    <ClInclude Include="LobbyScene.h">
      <Filter>Scene\LobbyScene</Filter>
    </ClInclude>
    <ClInclude Include="..\External\Common\VarialbePacketWriter.h">
      <Filter>Network\PacketHandler</Filter>
    </ClInclude>
    <ClInclude Include="MyPlayer.h">
      <Filter>Object\MyPlayer</Filter>
    </ClInclude>
    <ClInclude Include="d3dx12.h">
      <Filter>D3D12</Filter>
    </ClInclude>
    <ClInclude Include="DDSTextureLoader.h">
      <Filter>D3D12</Filter>
    </ClInclude>
    <ClInclude Include="Texture.h">
      <Filter>D3D12</Filter>
    </ClInclude>
    <ClInclude Include="GeometryLoader.h">
      <Filter>헤더 파일</Filter>
    </ClInclude>
    <ClInclude Include="..\External\Common\enum.h">
      <Filter>헤더 파일</Filter>
    </ClInclude>
    <ClInclude Include="..\External\Common\struct.h">
      <Filter>헤더 파일</Filter>
    </ClInclude>
    <ClInclude Include="..\External\Common\packet_struct.h">
      <Filter>Network\Protocol</Filter>
    </ClInclude>
    <ClInclude Include="LightManager.h">
      <Filter>Object</Filter>
    </ClInclude>
    <ClInclude Include="Character.h">
      <Filter>Object</Filter>
    </ClInclude>
    <ClInclude Include="JitterMeasurer.h">
      <Filter>Network\NetworkManager</Filter>
    </ClInclude>
    <ClInclude Include="Movement.h">
      <Filter>Component</Filter>
    </ClInclude>
    <ClInclude Include="Component.h">
      <Filter>Component</Filter>
    </ClInclude>
    <ClInclude Include="NetworkClockManager.h">
      <Filter>Network\NetworkManager</Filter>
    </ClInclude>
    <ClInclude Include="LagSimulator.h">
      <Filter>Network\NetworkManager</Filter>
    </ClInclude>
    <ClInclude Include="Collider.h">
      <Filter>Component\Collider/Physics</Filter>
    </ClInclude>
    <ClInclude Include="PhysicsManager.h">
      <Filter>Component\Collider/Physics</Filter>
    </ClInclude>
    <ClInclude Include="ImGui\imconfig.h">
      <Filter>ImGUI</Filter>
    </ClInclude>
    <ClInclude Include="ImGui\imgui.h">
      <Filter>ImGUI</Filter>
    </ClInclude>
    <ClInclude Include="ImGui\imgui_impl_dx12.h">
      <Filter>ImGUI</Filter>
    </ClInclude>
    <ClInclude Include="ImGui\imgui_impl_win32.h">
      <Filter>ImGUI</Filter>
    </ClInclude>
    <ClInclude Include="ImGui\imgui_internal.h">
      <Filter>ImGUI</Filter>
    </ClInclude>
    <ClInclude Include="ImGui\imstb_rectpack.h">
      <Filter>ImGUI</Filter>
    </ClInclude>
    <ClInclude Include="ImGui\imstb_textedit.h">
      <Filter>ImGUI</Filter>
    </ClInclude>
    <ClInclude Include="ImGui\imstb_truetype.h">
      <Filter>ImGUI</Filter>
    </ClInclude>
    <ClInclude Include="TitleScene.h">
      <Filter>Scene\TitleScene</Filter>
    </ClInclude>
    <ClInclude Include="ServerSessionManager.h">
      <Filter>Network\Session</Filter>
    </ClInclude>
    <ClInclude Include="User.h">
      <Filter>Object\User</Filter>
    </ClInclude>
    <ClInclude Include="ImGuiManager.h">
      <Filter>ImGUI\ImGuiManager</Filter>
    </ClInclude>
    <ClInclude Include="UICommon.h">
      <Filter>헤더 파일</Filter>
    </ClInclude>
    <ClInclude Include="ObjectFactory.h">
      <Filter>Object\Factory</Filter>
    </ClInclude>
    <ClInclude Include="CollisionAlgorithm.h">
      <Filter>Component\Collider/Physics</Filter>
    </ClInclude>
    <ClInclude Include="CustomScene.h">
      <Filter>Scene\CustomScene</Filter>
    </ClInclude>
    <ClInclude Include="Shader.h">
      <Filter>D3D12</Filter>
    </ClInclude>
    <ClInclude Include="GeometryLoader.h">
      <Filter>D3D12</Filter>
    </ClInclude>
    <ClInclude Include="AIComponent.h">
      <Filter>Component\AI</Filter>
    </ClInclude>
    <ClInclude Include="State.h">
      <Filter>Component\AI\State</Filter>
    </ClInclude>
    <ClInclude Include="IdleState.h">
      <Filter>Component\AI\State</Filter>
    </ClInclude>
    <ClInclude Include="Monster.h">
      <Filter>Object\Monster</Filter>
    </ClInclude>
    <ClInclude Include="HumanMonster.h">
      <Filter>Object\Monster</Filter>
    </ClInclude>
    <ClInclude Include="AttackState.h">
      <Filter>Component\AI\State</Filter>
    </ClInclude>
    <ClInclude Include="TraceState.h">
      <Filter>Component\AI\State</Filter>
    </ClInclude>
    <ClInclude Include="PatrolState.h">
      <Filter>Component\AI\State</Filter>
    </ClInclude>
    <ClInclude Include="GameScene.h">
      <Filter>Scene\GameScene</Filter>
    </ClInclude>
    <ClInclude Include="AIStates.h">
      <Filter>헤더 파일</Filter>
    </ClInclude>
    <ClInclude Include="..\External\Common\MapGenerator\MapGenerator.h">
      <Filter>MapGenerator</Filter>
    </ClInclude>
    <ClInclude Include="Animator.h">
      <Filter>Component\Animation</Filter>
    </ClInclude>
    <ClInclude Include="SkinnedData.h">
      <Filter>Component\Animation</Filter>
    </ClInclude>
    <ClInclude Include="Material.h">
      <Filter>Component\Rendering</Filter>
    </ClInclude>
    <ClInclude Include="MeshRenderer.h">
      <Filter>Component\Rendering</Filter>
    </ClInclude>
    <ClInclude Include="UIComponent.h">
      <Filter>Component\UI</Filter>
    </ClInclude>
    <ClInclude Include="Renderers.h">
      <Filter>Component\Rendering</Filter>
    </ClInclude>
    <ClInclude Include="UIScene.h">
      <Filter>Scene\UIScene</Filter>
	</ClInclude>
	<ClInclude Include="ItemFinder.h">
      <Filter>Object\ItemFinder</Filter>
    </ClInclude>
    <ClInclude Include="..\External\Common\MapUtils.h">
      <Filter>MapGenerator</Filter>
    </ClInclude>
    <ClInclude Include="Item.h">
      <Filter>Object\Item\Inventory Item</Filter>
    </ClInclude>
    <ClInclude Include="Inventory.h">
      <Filter>Inventory</Filter>
    </ClInclude>
    <ClInclude Include="ItemFactory.h">
      <Filter>Object\Factory</Filter>
    </ClInclude>
    <ClInclude Include="WorldItem.h">
      <Filter>Object\Item\World Item</Filter>
    </ClInclude>
  </ItemGroup>
  <ItemGroup>
    <ClCompile Include="Client.cpp">
      <Filter>소스 파일</Filter>
    </ClCompile>
    <ClCompile Include="stdafx.cpp">
      <Filter>소스 파일</Filter>
    </ClCompile>
    <ClCompile Include="Camera.cpp">
      <Filter>Object</Filter>
    </ClCompile>
    <ClCompile Include="Player.cpp">
      <Filter>Object</Filter>
    </ClCompile>
    <ClCompile Include="Mesh.cpp">
      <Filter>Object</Filter>
    </ClCompile>
    <ClCompile Include="Object.cpp">
      <Filter>Object</Filter>
    </ClCompile>
    <ClCompile Include="Timer.cpp">
      <Filter>소스 파일</Filter>
    </ClCompile>
    <ClCompile Include="GameFramework.cpp">
      <Filter>소스 파일</Filter>
    </ClCompile>
    <ClCompile Include="NetworkManager.cpp">
      <Filter>Network\NetworkManager</Filter>
    </ClCompile>
    <ClCompile Include="ServerSession.cpp">
      <Filter>Network\Session</Filter>
    </ClCompile>
    <ClCompile Include="KeyManager.cpp">
      <Filter>소스 파일</Filter>
    </ClCompile>
    <ClCompile Include="ServerPacketHandler.cpp">
      <Filter>Network\PacketHandler</Filter>
    </ClCompile>
    <ClCompile Include="SceneManager.cpp">
      <Filter>Scene</Filter>
    </ClCompile>
    <ClCompile Include="Scene.cpp">
      <Filter>Scene</Filter>
    </ClCompile>
    <ClCompile Include="LobbyScene.cpp">
      <Filter>Scene\LobbyScene</Filter>
    </ClCompile>
    <ClCompile Include="MyPlayer.cpp">
      <Filter>Object\MyPlayer</Filter>
    </ClCompile>
    <ClCompile Include="DDSTextureLoader.cpp">
      <Filter>D3D12</Filter>
    </ClCompile>
    <ClCompile Include="Texture.cpp">
      <Filter>D3D12</Filter>
    </ClCompile>
    <ClCompile Include="GeometryLoader.cpp">
      <Filter>소스 파일</Filter>
    </ClCompile>
    <ClCompile Include="LightManager.cpp">
      <Filter>Object</Filter>
    </ClCompile>
    <ClCompile Include="Character.cpp">
      <Filter>Object</Filter>
    </ClCompile>
    <ClCompile Include="JitterMeasurer.cpp">
      <Filter>Network\NetworkManager</Filter>
    </ClCompile>
    <ClCompile Include="Movement.cpp">
      <Filter>Component</Filter>
    </ClCompile>
    <ClCompile Include="NetworkClockManager.cpp">
      <Filter>Network\NetworkManager</Filter>
    </ClCompile>
    <ClCompile Include="LagSimulator.cpp">
      <Filter>Network\NetworkManager</Filter>
    </ClCompile>
    <ClCompile Include="Collider.cpp">
      <Filter>Component\Collider/Physics</Filter>
    </ClCompile>
    <ClCompile Include="PhysicsManager.cpp">
      <Filter>Component\Collider/Physics</Filter>
    </ClCompile>
    <ClCompile Include="ImGui\imgui.cpp">
      <Filter>ImGUI</Filter>
    </ClCompile>
    <ClCompile Include="ImGui\imgui_demo.cpp">
      <Filter>ImGUI</Filter>
    </ClCompile>
    <ClCompile Include="ImGui\imgui_draw.cpp">
      <Filter>ImGUI</Filter>
    </ClCompile>
    <ClCompile Include="ImGui\imgui_impl_dx12.cpp">
      <Filter>ImGUI</Filter>
    </ClCompile>
    <ClCompile Include="ImGui\imgui_impl_win32.cpp">
      <Filter>ImGUI</Filter>
    </ClCompile>
    <ClCompile Include="ImGui\imgui_tables.cpp">
      <Filter>ImGUI</Filter>
    </ClCompile>
    <ClCompile Include="ImGui\imgui_widgets.cpp">
      <Filter>ImGUI</Filter>
    </ClCompile>
    <ClCompile Include="TitleScene.cpp">
      <Filter>Scene\TitleScene</Filter>
    </ClCompile>
    <ClCompile Include="ServerSessionManager.cpp">
      <Filter>Network\Session</Filter>
    </ClCompile>
    <ClCompile Include="User.cpp">
      <Filter>Object\User</Filter>
    </ClCompile>
    <ClCompile Include="ImGuiManager.cpp">
      <Filter>ImGUI\ImGuiManager</Filter>
    </ClCompile>
    <ClCompile Include="ObjectFactory.cpp">
      <Filter>Object\Factory</Filter>
    </ClCompile>
    <ClCompile Include="CollisionAlgorithm.cpp">
      <Filter>Component\Collider/Physics</Filter>
    </ClCompile>
    <ClCompile Include="CustomScene.cpp">
      <Filter>Scene\CustomScene</Filter>
    </ClCompile>
    <ClCompile Include="Shader.cpp">
      <Filter>D3D12</Filter>
    </ClCompile>
    <ClCompile Include="GeometryLoader.cpp">
      <Filter>D3D12</Filter>
    </ClCompile>
    <ClCompile Include="AIComponent.cpp">
      <Filter>Component\AI</Filter>
    </ClCompile>
    <ClCompile Include="State.cpp">
      <Filter>Component\AI\State</Filter>
    </ClCompile>
    <ClCompile Include="IdleState.cpp">
      <Filter>Component\AI\State</Filter>
    </ClCompile>
    <ClCompile Include="Monster.cpp">
      <Filter>Object\Monster</Filter>
    </ClCompile>
    <ClCompile Include="HumanMonster.cpp">
      <Filter>Object\Monster</Filter>
    </ClCompile>
    <ClCompile Include="AttackState.cpp">
      <Filter>Component\AI\State</Filter>
    </ClCompile>
    <ClCompile Include="TraceState.cpp">
      <Filter>Component\AI\State</Filter>
    </ClCompile>
    <ClCompile Include="PatrolState.cpp">
      <Filter>Component\AI\State</Filter>
    </ClCompile>
    <ClCompile Include="GameScene.cpp">
      <Filter>Scene\GameScene</Filter>
    </ClCompile>
    <ClCompile Include="..\External\Common\MapGenerator\MapGenerator.cpp">
      <Filter>MapGenerator</Filter>
    </ClCompile>
    <ClCompile Include="Animator.cpp">
      <Filter>Component\Animation</Filter>
    </ClCompile>
    <ClCompile Include="SkinnedData.cpp">
      <Filter>Component\Animation</Filter>
    </ClCompile>
    <ClCompile Include="Material.cpp">
      <Filter>Component\Rendering</Filter>
    </ClCompile>
    <ClCompile Include="MeshRenderer.cpp">
      <Filter>Component\Rendering</Filter>
    </ClCompile>
    <ClCompile Include="UIComponent.cpp">
      <Filter>Component\UI</Filter>
    </ClCompile>
    <ClCompile Include="Renderers.cpp">
      <Filter>Component\Rendering</Filter>
    </ClCompile>
    <ClCompile Include="UIScene.cpp">
      <Filter>Scene\UIScene</Filter>
	</ClCompile>
	<ClCompile Include="ItemFinder.cpp">
      <Filter>Object\ItemFinder</Filter>
    </ClCompile>
    <ClCompile Include="..\External\Common\MapUtils.cpp">
      <Filter>MapGenerator</Filter>
    </ClCompile>
    <ClCompile Include="Item.cpp">
      <Filter>Object\Item\Inventory Item</Filter>
    </ClCompile>
    <ClCompile Include="Inventory.cpp">
      <Filter>Inventory</Filter>
    </ClCompile>
    <ClCompile Include="ItemFactory.cpp">
      <Filter>Object\Factory</Filter>
    </ClCompile>
    <ClCompile Include="WorldItem.cpp">
      <Filter>Object\Item\World Item</Filter>
    </ClCompile>
  </ItemGroup>
  <ItemGroup>
    <ResourceCompile Include="Client.rc">
      <Filter>리소스 파일</Filter>
    </ResourceCompile>
  </ItemGroup>
  <ItemGroup>
    <Image Include="small.ico">
      <Filter>리소스 파일</Filter>
    </Image>
    <Image Include="Client.ico">
      <Filter>리소스 파일</Filter>
    </Image>
  </ItemGroup>
  <ItemGroup>
    <FxCompile Include="Shaders.hlsl">
      <Filter>D3D12\Shaders</Filter>
    </FxCompile>
    <FxCompile Include="BillboardShader.hlsl">
      <Filter>D3D12\Shaders</Filter>
    </FxCompile>
    <FxCompile Include="Light.hlsl">
      <Filter>D3D12\Shaders</Filter>
    </FxCompile>
    <FxCompile Include="SkinningShader.hlsl">
      <Filter>D3D12\Shaders</Filter>
    </FxCompile>
    <FxCompile Include="InstShader.hlsl">
      <Filter>D3D12\Shaders</Filter>
    </FxCompile>
    <FxCompile Include="UI.hlsl">
      <Filter>D3D12\Shaders</Filter>
    </FxCompile>
  </ItemGroup>
  <ItemGroup>
    <None Include="MeshComponent.inl">
      <Filter>Component\Rendering</Filter>
    </None>
    <None Include="packages.config" />
  </ItemGroup>
</Project>