<?xml version="1.0" encoding="utf-8"?>
<Project ToolsVersion="4.0" xmlns="http://schemas.microsoft.com/developer/msbuild/2003">
  <ItemGroup>
    <Filter Include="소스 파일">
      <UniqueIdentifier>{4FC737F1-C7A5-4376-A066-2A32D752A2FF}</UniqueIdentifier>
      <Extensions>cpp;c;cc;cxx;c++;cppm;ixx;def;odl;idl;hpj;bat;asm;asmx</Extensions>
    </Filter>
    <Filter Include="헤더 파일">
      <UniqueIdentifier>{93995380-89BD-4b04-88EB-625FBE52EBFB}</UniqueIdentifier>
      <Extensions>h;hh;hpp;hxx;h++;hm;inl;inc;ipp;xsd</Extensions>
    </Filter>
    <Filter Include="리소스 파일">
      <UniqueIdentifier>{67DA6AB6-F800-4c08-8B7A-83BB121AAD01}</UniqueIdentifier>
      <Extensions>rc;ico;cur;bmp;dlg;rc2;rct;bin;rgs;gif;jpg;jpeg;jpe;resx;tiff;tif;png;wav;mfcribbon-ms</Extensions>
    </Filter>
    <Filter Include="헤더 파일\Shaders">
      <UniqueIdentifier>{17c5f955-415f-476e-a38f-b904d0352472}</UniqueIdentifier>
    </Filter>
    <Filter Include="Object">
      <UniqueIdentifier>{0d938997-fdb2-460d-a02d-416afe3a6eab}</UniqueIdentifier>
    </Filter>
    <Filter Include="Network">
      <UniqueIdentifier>{ba0ac249-ec6c-42ec-99c1-41c8d48abfb5}</UniqueIdentifier>
    </Filter>
    <Filter Include="Network\Session">
      <UniqueIdentifier>{1fe1b602-f1ed-476b-ba0c-edace247f88d}</UniqueIdentifier>
    </Filter>
    <Filter Include="Network\Protocol">
      <UniqueIdentifier>{8f1569b9-6aed-48cf-82c6-cb7f44c3b130}</UniqueIdentifier>
    </Filter>
    <Filter Include="Network\NetworkManager">
      <UniqueIdentifier>{69db58d7-23a5-4730-957a-3958555b4abf}</UniqueIdentifier>
    </Filter>
    <Filter Include="D3D12">
      <UniqueIdentifier>{cd629c79-ac06-4dd7-94fe-37495b47753e}</UniqueIdentifier>
    </Filter>
    <Filter Include="Network\PacketHandler">
      <UniqueIdentifier>{4f103850-1b48-4beb-b19d-f3143b8db5ca}</UniqueIdentifier>
    </Filter>
    <Filter Include="Scene">
      <UniqueIdentifier>{3bec70d8-a2a0-43c0-a2af-35ef1a7bb67b}</UniqueIdentifier>
    </Filter>
    <Filter Include="Scene\TestScene">
      <UniqueIdentifier>{ed533742-19b1-4a68-bfd9-ae48ca646966}</UniqueIdentifier>
    </Filter>
    <Filter Include="Object\MyPlayer">
      <UniqueIdentifier>{e06fed7c-dc95-44c6-a868-e3b3c408ece7}</UniqueIdentifier>
    </Filter>
    <Filter Include="Component">
      <UniqueIdentifier>{45504bc4-4e5b-4261-8657-a5cd235e8939}</UniqueIdentifier>
    </Filter>
  </ItemGroup>
  <ItemGroup>
    <ClInclude Include="stdafx.h">
      <Filter>헤더 파일</Filter>
    </ClInclude>
    <ClInclude Include="targetver.h">
      <Filter>헤더 파일</Filter>
    </ClInclude>
    <ClInclude Include="Resource.h">
      <Filter>헤더 파일</Filter>
    </ClInclude>
    <ClInclude Include="Client.h">
      <Filter>헤더 파일</Filter>
    </ClInclude>
    <ClInclude Include="Camera.h">
      <Filter>Object</Filter>
    </ClInclude>
    <ClInclude Include="Player.h">
      <Filter>Object</Filter>
    </ClInclude>
    <ClInclude Include="Object.h">
      <Filter>Object</Filter>
    </ClInclude>
    <ClInclude Include="Mesh.h">
      <Filter>Object</Filter>
    </ClInclude>
    <ClInclude Include="Timer.h">
      <Filter>헤더 파일</Filter>
    </ClInclude>
    <ClInclude Include="Shader.h">
      <Filter>헤더 파일</Filter>
    </ClInclude>
    <ClInclude Include="GameFramework.h">
      <Filter>헤더 파일</Filter>
    </ClInclude>
    <ClInclude Include="NetworkManager.h">
      <Filter>Network\NetworkManager</Filter>
    </ClInclude>
    <ClInclude Include="..\External\Common\protocol.h">
      <Filter>Network\Protocol</Filter>
    </ClInclude>
    <ClInclude Include="ServerSession.h">
      <Filter>Network\Session</Filter>
    </ClInclude>
    <ClInclude Include="KeyManager.h">
      <Filter>헤더 파일</Filter>
    </ClInclude>
    <ClInclude Include="macro.h">
      <Filter>헤더 파일</Filter>
    </ClInclude>
    <ClInclude Include="GeometryLoader.h">
      <Filter>헤더 파일</Filter>
    </ClInclude>
    <ClInclude Include="ServerPacketHandler.h">
      <Filter>Network\PacketHandler</Filter>
    </ClInclude>
    <ClInclude Include="ServerPacketHandler.h">
      <Filter>Network\PacketHandler</Filter>
    </ClInclude>
    <ClInclude Include="Scene.h">
      <Filter>Scene</Filter>
    </ClInclude>
    <ClInclude Include="SceneManager.h">
      <Filter>Scene</Filter>
    </ClInclude>
    <ClInclude Include="TestScene.h">
      <Filter>Scene\TestScene</Filter>
    </ClInclude>
    <ClInclude Include="..\External\Common\VarialbePacketWriter.h">
      <Filter>Network\PacketHandler</Filter>
    </ClInclude>
    <ClInclude Include="MyPlayer.h">
      <Filter>Object\MyPlayer</Filter>
    </ClInclude>
    <ClInclude Include="d3dx12.h">
      <Filter>D3D12</Filter>
    </ClInclude>
    <ClInclude Include="DDSTextureLoader.h">
      <Filter>D3D12</Filter>
    </ClInclude>
    <ClInclude Include="Texture.h">
      <Filter>D3D12</Filter>
    </ClInclude>
    <ClInclude Include="GeometryLoader.h">
      <Filter>헤더 파일</Filter>
    </ClInclude>
    <ClInclude Include="..\External\Common\enum.h">
      <Filter>헤더 파일</Filter>
    </ClInclude>
    <ClInclude Include="..\External\Common\struct.h">
      <Filter>헤더 파일</Filter>
    </ClInclude>
    <ClInclude Include="..\External\Common\packet_struct.h">
      <Filter>Network\Protocol</Filter>
    </ClInclude>
    <ClInclude Include="LightManager.h">
      <Filter>Object</Filter>
    </ClInclude>
    <ClInclude Include="Character.h">
      <Filter>Object</Filter>
    </ClInclude>
    <ClInclude Include="JitterMeasurer.h">
      <Filter>Network\NetworkManager</Filter>
    </ClInclude>
    <ClInclude Include="SkinnedData.h">
      <Filter>Component</Filter>
    </ClInclude>
    <ClInclude Include="Movement.h">
      <Filter>Component</Filter>
    </ClInclude>
    <ClInclude Include="Component.h">
      <Filter>Component</Filter>
    </ClInclude>
    <ClInclude Include="Animator.h">
      <Filter>Component</Filter>
    </ClInclude>
  </ItemGroup>
  <ItemGroup>
    <ClCompile Include="Client.cpp">
      <Filter>소스 파일</Filter>
    </ClCompile>
    <ClCompile Include="stdafx.cpp">
      <Filter>소스 파일</Filter>
    </ClCompile>
    <ClCompile Include="Camera.cpp">
      <Filter>Object</Filter>
    </ClCompile>
    <ClCompile Include="Player.cpp">
      <Filter>Object</Filter>
    </ClCompile>
    <ClCompile Include="Mesh.cpp">
      <Filter>Object</Filter>
    </ClCompile>
    <ClCompile Include="Object.cpp">
      <Filter>Object</Filter>
    </ClCompile>
    <ClCompile Include="Timer.cpp">
      <Filter>소스 파일</Filter>
    </ClCompile>
    <ClCompile Include="Shader.cpp">
      <Filter>소스 파일</Filter>
    </ClCompile>
    <ClCompile Include="GameFramework.cpp">
      <Filter>소스 파일</Filter>
    </ClCompile>
    <ClCompile Include="NetworkManager.cpp">
      <Filter>Network\NetworkManager</Filter>
    </ClCompile>
    <ClCompile Include="ServerSession.cpp">
      <Filter>Network\Session</Filter>
    </ClCompile>
    <ClCompile Include="KeyManager.cpp">
      <Filter>소스 파일</Filter>
    </ClCompile>
    <ClCompile Include="GeometryLoader.cpp">
      <Filter>소스 파일</Filter>
    </ClCompile>
    <ClCompile Include="ServerPacketHandler.cpp">
      <Filter>Network\PacketHandler</Filter>
    </ClCompile>
    <ClCompile Include="SceneManager.cpp">
      <Filter>Scene</Filter>
    </ClCompile>
    <ClCompile Include="Scene.cpp">
      <Filter>Scene</Filter>
    </ClCompile>
    <ClCompile Include="TestScene.cpp">
      <Filter>Scene\TestScene</Filter>
    </ClCompile>
    <ClCompile Include="MyPlayer.cpp">
      <Filter>Object\MyPlayer</Filter>
    </ClCompile>
    <ClCompile Include="DDSTextureLoader.cpp">
      <Filter>D3D12</Filter>
    </ClCompile>
    <ClCompile Include="Texture.cpp">
      <Filter>D3D12</Filter>
    </ClCompile>
    <ClCompile Include="GeometryLoader.cpp">
      <Filter>소스 파일</Filter>
    </ClCompile>
    <ClCompile Include="LightManager.cpp">
      <Filter>Object</Filter>
    </ClCompile>
    <ClCompile Include="Character.cpp">
      <Filter>Object</Filter>
    </ClCompile>
    <ClCompile Include="JitterMeasurer.cpp">
      <Filter>Network\NetworkManager</Filter>
    </ClCompile>
    <ClCompile Include="SkinnedData.cpp">
      <Filter>Component</Filter>
    </ClCompile>
    <ClCompile Include="Movement.cpp">
      <Filter>Component</Filter>
    </ClCompile>
    <ClCompile Include="Animator.cpp">
      <Filter>Component</Filter>
    </ClCompile>
  </ItemGroup>
  <ItemGroup>
    <ResourceCompile Include="Client.rc">
      <Filter>리소스 파일</Filter>
    </ResourceCompile>
  </ItemGroup>
  <ItemGroup>
    <Image Include="small.ico">
      <Filter>리소스 파일</Filter>
    </Image>
    <Image Include="Client.ico">
      <Filter>리소스 파일</Filter>
    </Image>
  </ItemGroup>
  <ItemGroup>
    <FxCompile Include="Shaders.hlsl">
      <Filter>헤더 파일\Shaders</Filter>
    </FxCompile>
    <FxCompile Include="TexShader.hlsl">
      <Filter>헤더 파일\Shaders</Filter>
    </FxCompile>
    <FxCompile Include="Light.hlsl">
      <Filter>헤더 파일\Shaders</Filter>
    </FxCompile>
    <FxCompile Include="SkinningShader.hlsl">
      <Filter>헤더 파일\Shaders</Filter>
    </FxCompile>
  </ItemGroup>
  <ItemGroup>
    <None Include="Object.inl">
      <Filter>Object</Filter>
    </None>
  </ItemGroup>
</Project>