<?xml version="1.0" encoding="utf-8"?>
<Project ToolsVersion="4.0" xmlns="http://schemas.microsoft.com/developer/msbuild/2003">
  <ItemGroup>
    <Filter Include="소스 파일">
      <UniqueIdentifier>{4FC737F1-C7A5-4376-A066-2A32D752A2FF}</UniqueIdentifier>
      <Extensions>cpp;c;cc;cxx;c++;cppm;ixx;def;odl;idl;hpj;bat;asm;asmx</Extensions>
    </Filter>
    <Filter Include="헤더 파일">
      <UniqueIdentifier>{93995380-89BD-4b04-88EB-625FBE52EBFB}</UniqueIdentifier>
      <Extensions>h;hh;hpp;hxx;h++;hm;inl;inc;ipp;xsd</Extensions>
    </Filter>
    <Filter Include="리소스 파일">
      <UniqueIdentifier>{67DA6AB6-F800-4c08-8B7A-83BB121AAD01}</UniqueIdentifier>
      <Extensions>rc;ico;cur;bmp;dlg;rc2;rct;bin;rgs;gif;jpg;jpeg;jpe;resx;tiff;tif;png;wav;mfcribbon-ms</Extensions>
    </Filter>
    <Filter Include="Network">
      <UniqueIdentifier>{5085ddf0-34c3-42a9-9f1e-7c02227edd3f}</UniqueIdentifier>
    </Filter>
    <Filter Include="Network\Protocol">
      <UniqueIdentifier>{09513936-27ec-4044-884d-153dc799d965}</UniqueIdentifier>
    </Filter>
    <Filter Include="Network\Session">
      <UniqueIdentifier>{04bea0cf-5d2b-4813-83de-b9d4e6e19785}</UniqueIdentifier>
    </Filter>
    <Filter Include="Network\PacketHandler">
      <UniqueIdentifier>{25e18400-1f59-46ca-be69-9d71ac4c521f}</UniqueIdentifier>
    </Filter>
    <Filter Include="Object">
      <UniqueIdentifier>{abc45fda-e37f-40b3-a16c-521347ad776d}</UniqueIdentifier>
    </Filter>
    <Filter Include="Object\Player">
      <UniqueIdentifier>{e90926c3-5743-48e0-9e98-a976077094b1}</UniqueIdentifier>
    </Filter>
    <Filter Include="Scene">
      <UniqueIdentifier>{c68a68b4-86c7-40bf-b86f-0053a33f6e5e}</UniqueIdentifier>
    </Filter>
    <Filter Include="Network\Job">
      <UniqueIdentifier>{b7428936-090e-4eec-bdd8-78c948c3ec9d}</UniqueIdentifier>
    </Filter>
    <Filter Include="Scene\LobbyScene">
      <UniqueIdentifier>{66c4d67c-1047-45e5-a81c-1af571735750}</UniqueIdentifier>
    </Filter>
    <Filter Include="DB">
      <UniqueIdentifier>{c9646e04-2265-42e6-93ae-9eac4a464ebc}</UniqueIdentifier>
    </Filter>
    <Filter Include="Scene\TitleScene">
      <UniqueIdentifier>{dd356f9e-e8b2-4587-a82f-814865a372f2}</UniqueIdentifier>
    </Filter>
    <Filter Include="Object\User">
      <UniqueIdentifier>{8bc688b8-ebfe-4fab-bb20-57339d064d5c}</UniqueIdentifier>
    </Filter>
    <Filter Include="Room">
      <UniqueIdentifier>{fb528161-e0cd-4a54-af09-59736f3130f0}</UniqueIdentifier>
    </Filter>
    <Filter Include="Component">
      <UniqueIdentifier>{42530db7-5a32-4d20-bfde-475dea96151b}</UniqueIdentifier>
    </Filter>
    <Filter Include="Component\Collier/Physics">
      <UniqueIdentifier>{2173369e-6afb-4663-b37c-1cd10c10b186}</UniqueIdentifier>
    </Filter>
    <Filter Include="Scene\CustomScene">
      <UniqueIdentifier>{08e2b17c-6bb7-480e-9783-fd8f86ed53b1}</UniqueIdentifier>
    </Filter>
    <Filter Include="Component\AI">
      <UniqueIdentifier>{61375d0c-8cf1-4243-ad7c-72c455753dbb}</UniqueIdentifier>
    </Filter>
    <Filter Include="Component\AI\State">
      <UniqueIdentifier>{d5006cbc-8be2-4586-a4ec-d1b40ea185a9}</UniqueIdentifier>
    </Filter>
    <Filter Include="Object\Monster">
      <UniqueIdentifier>{b11d7ebd-bd1e-43b4-91d1-04a2a6b475a2}</UniqueIdentifier>
    </Filter>
    <Filter Include="Scene\GameScene">
      <UniqueIdentifier>{818ea841-dcf0-4c09-80a1-71408132adc1}</UniqueIdentifier>
    </Filter>
    <Filter Include="MapGenerator">
      <UniqueIdentifier>{d21bd492-99e6-4668-ab0c-ccf6900e6c25}</UniqueIdentifier>
    </Filter>
    <Filter Include="Object\Item">
      <UniqueIdentifier>{2e021bc4-c82d-485c-a290-8eb69e56e033}</UniqueIdentifier>
    </Filter>
    <Filter Include="Inventory">
      <UniqueIdentifier>{6e0ae11d-a44e-4c17-813c-1d04dbd9eff4}</UniqueIdentifier>
    </Filter>
    <Filter Include="Object\Factory">
      <UniqueIdentifier>{8d37c926-cf9c-4c3b-8864-326c6f3c6825}</UniqueIdentifier>
    </Filter>
  </ItemGroup>
  <ItemGroup>
    <ClCompile Include="Server.cpp">
      <Filter>소스 파일</Filter>
    </ClCompile>
    <ClCompile Include="pch.cpp">
      <Filter>소스 파일</Filter>
    </ClCompile>
    <ClCompile Include="ClientSession.cpp">
      <Filter>Network\Session</Filter>
    </ClCompile>
    <ClCompile Include="ClientPacketHandler.cpp">
      <Filter>Network\PacketHandler</Filter>
    </ClCompile>
    <ClCompile Include="Object.cpp">
      <Filter>Object</Filter>
    </ClCompile>
    <ClCompile Include="Player.cpp">
      <Filter>Object\Player</Filter>
    </ClCompile>
    <ClCompile Include="Scene.cpp">
      <Filter>Scene</Filter>
    </ClCompile>
    <ClCompile Include="LobbyScene.cpp">
      <Filter>Scene\LobbyScene</Filter>
    </ClCompile>
    <ClCompile Include="SceneManager.cpp">
      <Filter>Scene</Filter>
    </ClCompile>
    <ClCompile Include="GameFramework.cpp">
      <Filter>소스 파일</Filter>
    </ClCompile>
    <ClCompile Include="TimeManager.cpp">
      <Filter>소스 파일</Filter>
    </ClCompile>
    <ClCompile Include="Job.cpp">
      <Filter>Network\Job</Filter>
    </ClCompile>
    <ClCompile Include="DBManager.cpp">
      <Filter>DB</Filter>
    </ClCompile>
    <ClCompile Include="TitleScene.cpp">
      <Filter>Scene\TitleScene</Filter>
    </ClCompile>
    <ClCompile Include="RoomManager.cpp">
      <Filter>Room</Filter>
    </ClCompile>
    <ClCompile Include="Room.cpp">
      <Filter>Room</Filter>
    </ClCompile>
    <ClCompile Include="User.cpp">
      <Filter>Object\User</Filter>
    </ClCompile>
    <ClCompile Include="Collider.cpp">
      <Filter>Component\Collier/Physics</Filter>
    </ClCompile>
    <ClCompile Include="PhysicsManager.cpp">
      <Filter>Component\Collier/Physics</Filter>
    </ClCompile>
    <ClCompile Include="CollisionAlgorithm.cpp">
      <Filter>Component\Collier/Physics</Filter>
    </ClCompile>
    <ClCompile Include="GeometryLoader.cpp">
      <Filter>소스 파일</Filter>
    </ClCompile>
    <ClCompile Include="CustomScene.cpp">
      <Filter>Scene\CustomScene</Filter>
    </ClCompile>
    <ClCompile Include="SkinnedData.cpp">
      <Filter>Component</Filter>
    </ClCompile>
    <ClCompile Include="Movement.cpp">
      <Filter>Component</Filter>
    </ClCompile>
    <ClCompile Include="AIComponent.cpp">
      <Filter>Component\AI</Filter>
    </ClCompile>
    <ClCompile Include="State.cpp">
      <Filter>Component\AI\State</Filter>
    </ClCompile>
    <ClCompile Include="TraceState.cpp">
      <Filter>Component\AI\State</Filter>
    </ClCompile>
    <ClCompile Include="PatrolState.cpp">
      <Filter>Component\AI\State</Filter>
    </ClCompile>
    <ClCompile Include="IdleState.cpp">
      <Filter>Component\AI\State</Filter>
    </ClCompile>
    <ClCompile Include="AttackState.cpp">
      <Filter>Component\AI\State</Filter>
    </ClCompile>
    <ClCompile Include="Monster.cpp">
      <Filter>Object\Monster</Filter>
    </ClCompile>
    <ClCompile Include="HumanMonster.cpp">
      <Filter>Object\Monster</Filter>
    </ClCompile>
    <ClCompile Include="..\External\Common\MapGenerator\MapGenerator.cpp">
      <Filter>MapGenerator</Filter>
    </ClCompile>
    <ClCompile Include="GameScene.cpp">
      <Filter>Scene\GameScene</Filter>
    </ClCompile>
    <ClCompile Include="..\External\Common\MapUtils.cpp">
      <Filter>MapGenerator</Filter>
    </ClCompile>
    <ClCompile Include="Inventory.cpp">
      <Filter>Inventory</Filter>
    </ClCompile>
    <ClCompile Include="Item.cpp">
      <Filter>Object\Item</Filter>
    </ClCompile>
    <ClCompile Include="ServerObjectFactory.cpp">
      <Filter>Object\Factory</Filter>
    </ClCompile>
    <ClCompile Include="ItemFactory.cpp">
      <Filter>Object\Factory</Filter>
    </ClCompile>
    <ClCompile Include="ItemManager.cpp">
      <Filter>Object\Item</Filter>
    </ClCompile>
  </ItemGroup>
  <ItemGroup>
    <ClInclude Include="pch.h">
      <Filter>헤더 파일</Filter>
    </ClInclude>
    <ClInclude Include="..\External\Common\protocol.h">
      <Filter>Network\Protocol</Filter>
    </ClInclude>
    <ClInclude Include="ClientSession.h">
      <Filter>Network\Session</Filter>
    </ClInclude>
    <ClInclude Include="ClientPacketHandler.h">
      <Filter>Network\PacketHandler</Filter>
    </ClInclude>
    <ClInclude Include="Object.h">
      <Filter>Object</Filter>
    </ClInclude>
    <ClInclude Include="Player.h">
      <Filter>Object\Player</Filter>
    </ClInclude>
    <ClInclude Include="Scene.h">
      <Filter>Scene</Filter>
    </ClInclude>
    <ClInclude Include="LobbyScene.h">
      <Filter>Scene\LobbyScene</Filter>
    </ClInclude>
    <ClInclude Include="..\External\Common\VarialbePacketWriter.h">
      <Filter>Network\PacketHandler</Filter>
    </ClInclude>
    <ClInclude Include="SceneManager.h">
      <Filter>Scene</Filter>
    </ClInclude>
    <ClInclude Include="DirectXMathHelper.h">
      <Filter>헤더 파일</Filter>
    </ClInclude>
    <ClInclude Include="GameFramework.h">
      <Filter>헤더 파일</Filter>
    </ClInclude>
    <ClInclude Include="TimeManager.h">
      <Filter>헤더 파일</Filter>
    </ClInclude>
    <ClInclude Include="Job.h">
      <Filter>Network\Job</Filter>
    </ClInclude>
    <ClInclude Include="..\External\Common\enum.h">
      <Filter>헤더 파일</Filter>
    </ClInclude>
    <ClInclude Include="DBManager.h">
      <Filter>DB</Filter>
    </ClInclude>
    <ClInclude Include="TitleScene.h">
      <Filter>Scene\TitleScene</Filter>
    </ClInclude>
    <ClInclude Include="RoomManager.h">
      <Filter>Room</Filter>
    </ClInclude>
    <ClInclude Include="Room.h">
      <Filter>Room</Filter>
    </ClInclude>
    <ClInclude Include="User.h">
      <Filter>Object\User</Filter>
    </ClInclude>
    <ClInclude Include="macro.h">
      <Filter>헤더 파일</Filter>
    </ClInclude>
    <ClInclude Include="Collider.h">
      <Filter>Component\Collier/Physics</Filter>
    </ClInclude>
    <ClInclude Include="PhysicsManager.h">
      <Filter>Component\Collier/Physics</Filter>
    </ClInclude>
    <ClInclude Include="CollisionAlgorithm.h">
      <Filter>Component\Collier/Physics</Filter>
    </ClInclude>
    <ClInclude Include="Component.h">
      <Filter>Component</Filter>
    </ClInclude>
    <ClInclude Include="GeometryLoader.h">
      <Filter>소스 파일</Filter>
    </ClInclude>
    <ClInclude Include="CustomScene.h">
      <Filter>Scene\CustomScene</Filter>
    </ClInclude>
    <ClInclude Include="SkinnedData.h">
      <Filter>Component</Filter>
    </ClInclude>
    <ClInclude Include="Movement.h">
      <Filter>Component</Filter>
    </ClInclude>
    <ClInclude Include="AIComponent.h">
      <Filter>Component\AI</Filter>
    </ClInclude>
    <ClInclude Include="State.h">
      <Filter>Component\AI\State</Filter>
    </ClInclude>
    <ClInclude Include="TraceState.h">
      <Filter>Component\AI\State</Filter>
    </ClInclude>
    <ClInclude Include="PatrolState.h">
      <Filter>Component\AI\State</Filter>
    </ClInclude>
    <ClInclude Include="IdleState.h">
      <Filter>Component\AI\State</Filter>
    </ClInclude>
    <ClInclude Include="AttackState.h">
      <Filter>Component\AI\State</Filter>
    </ClInclude>
    <ClInclude Include="Monster.h">
      <Filter>Object\Monster</Filter>
    </ClInclude>
    <ClInclude Include="HumanMonster.h">
      <Filter>Object\Monster</Filter>
    </ClInclude>
    <ClInclude Include="AIStates.h">
      <Filter>헤더 파일</Filter>
    </ClInclude>
    <ClInclude Include="..\External\Common\MapGenerator\MapGenerator.h">
      <Filter>MapGenerator</Filter>
    </ClInclude>
    <ClInclude Include="GameScene.h">
      <Filter>Scene\GameScene</Filter>
    </ClInclude>
    <ClInclude Include="..\External\Common\MapUtils.h">
      <Filter>MapGenerator</Filter>
    </ClInclude>
    <ClInclude Include="Inventory.h">
      <Filter>Inventory</Filter>
    </ClInclude>
    <ClInclude Include="Item.h">
      <Filter>Object\Item</Filter>
    </ClInclude>
    <ClInclude Include="ServerObjectFactory.h">
      <Filter>Object\Factory</Filter>
    </ClInclude>
    <ClInclude Include="ItemFactory.h">
      <Filter>Object\Factory</Filter>
    </ClInclude>
    <ClInclude Include="ItemManager.h">
      <Filter>Object\Item</Filter>
    </ClInclude>
  </ItemGroup>
</Project>